{
  "name": "sandlocker-examples-ts",
  "lockfileVersion": 3,
  "requires": true,
  "packages": {
    "": {
      "name": "sandlocker-examples-ts",
      "dependencies": {
        "sandlocker": "^0.1.1"
      }
    },
    "node_modules/sandlocker": {
      "version": "0.1.1",
      "resolved": "https://registry.npmmirror.com/sandlocker/-/sandlocker-0.1.1.tgz",
      "integrity": "sha512-9OjY/LzUIKJH3Vc9fMTXWQ4KOKvMZZlkxlxSoGGZiMBLUtPox4gzsevadqPmK+rRu6TV8RncAKGvptUhoCpy/g==",
      "license": "Apache-2.0",
      "engines": {
        "node": ">=20"
      }
    }
  }
}
